
Microsoft Visual Studio Solution File, Format Version 12.00
# Visual Studio Version 16
VisualStudioVersion = 25.0.1703.6
MinimumVisualStudioVersion = 10.0.40219.1
Project("{FAE04EC0-301F-11D3-BF4B-00C04F79EFBC}") = "halloweenShop", "halloweenShop.csproj", "{291DADC9-EEAC-4D24-A268-7A810869A131}"
EndProject
Global
	GlobalSection(SolutionConfigurationPlatforms) = preSolution
		Debug|Any CPU = Debug|Any CPU
		Release|Any CPU = Release|Any CPU
	EndGlobalSection
	GlobalSection(ProjectConfigurationPlatforms) = postSolution
		{291DADC9-EEAC-4D24-A268-7A810869A131}.Debug|Any CPU.ActiveCfg = Debug|Any CPU
		{291DADC9-EEAC-4D24-A268-7A810869A131}.Debug|Any CPU.Build.0 = Debug|Any CPU
		{291DADC9-EEAC-4D24-A268-7A810869A131}.Release|Any CPU.ActiveCfg = Release|Any CPU
		{291DADC9-EEAC-4D24-A268-7A810869A131}.Release|Any CPU.Build.0 = Release|Any CPU
	EndGlobalSection
	GlobalSection(SolutionProperties) = preSolution
		HideSolutionNode = FALSE
	EndGlobalSection
	GlobalSection(ExtensibilityGlobals) = postSolution
		SolutionGuid = {BBF0C2C4-19F1-483E-AD64-2BD2443A4524}
	EndGlobalSection
EndGlobal
